
Microsoft Visual Studio Solution File, Format Version 12.00
# Visual Studio Version 17
VisualStudioVersion = 17.14.36811.4 d17.14
MinimumVisualStudioVersion = 10.0.40219.1
Project("{FAE04EC0-301F-11D3-BF4B-00C04F79EFBC}") = "PrimesInCSharp", "PrimesInCSharp\PrimesInCSharp.csproj", "{7EF0BE81-1307-42D6-9D00-6AE08A00E46C}"
EndProject
Global
	GlobalSection(SolutionConfigurationPlatforms) = preSolution
		Debug|Any CPU = Debug|Any CPU
		Release|Any CPU = Release|Any CPU
	EndGlobalSection
	GlobalSection(ProjectConfigurationPlatforms) = postSolution
		{7EF0BE81-1307-42D6-9D00-6AE08A00E46C}.Debug|Any CPU.ActiveCfg = Debug|Any CPU
		{7EF0BE81-1307-42D6-9D00-6AE08A00E46C}.Debug|Any CPU.Build.0 = Debug|Any CPU
		{7EF0BE81-1307-42D6-9D00-6AE08A00E46C}.Release|Any CPU.ActiveCfg = Release|Any CPU
		{7EF0BE81-1307-42D6-9D00-6AE08A00E46C}.Release|Any CPU.Build.0 = Release|Any CPU
	EndGlobalSection
	GlobalSection(SolutionProperties) = preSolution
		HideSolutionNode = FALSE
	EndGlobalSection
	GlobalSection(ExtensibilityGlobals) = postSolution
		SolutionGuid = {A337BADA-4D83-4ABA-8A88-2AAD86D9F9F2}
	EndGlobalSection
EndGlobal
